
Microsoft Visual Studio Solution File, Format Version 12.00
# Visual Studio Version 16
VisualStudioVersion = 16.0.31624.102
MinimumVisualStudioVersion = 10.0.40219.1
Project("{FAE04EC0-301F-11D3-BF4B-00C04F79EFBC}") = "ManageCategoryMVC", "ManageCategoryMVC\ManageCategoryMVC.csproj", "{55DB8180-B3C2-41C7-9735-598077F9CE66}"
EndProject
Global
	GlobalSection(SolutionConfigurationPlatforms) = preSolution
		Debug|Any CPU = Debug|Any CPU
		Release|Any CPU = Release|Any CPU
	EndGlobalSection
	GlobalSection(ProjectConfigurationPlatforms) = postSolution
		{55DB8180-B3C2-41C7-9735-598077F9CE66}.Debug|Any CPU.ActiveCfg = Debug|Any CPU
		{55DB8180-B3C2-41C7-9735-598077F9CE66}.Debug|Any CPU.Build.0 = Debug|Any CPU
		{55DB8180-B3C2-41C7-9735-598077F9CE66}.Release|Any CPU.ActiveCfg = Release|Any CPU
		{55DB8180-B3C2-41C7-9735-598077F9CE66}.Release|Any CPU.Build.0 = Release|Any CPU
	EndGlobalSection
	GlobalSection(SolutionProperties) = preSolution
		HideSolutionNode = FALSE
	EndGlobalSection
	GlobalSection(ExtensibilityGlobals) = postSolution
		SolutionGuid = {5BB8E105-D3B9-46DE-9548-1F0C007DC3AE}
	EndGlobalSection
EndGlobal
